<?xml version="1.0" encoding="utf-8"?>
<Project ToolsVersion="4.0" xmlns="http://schemas.microsoft.com/developer/msbuild/2003">
  <ItemGroup>
    <Filter Include="Source Files">
      <UniqueIdentifier>{4FC737F1-C7A5-4376-A066-2A32D752A2FF}</UniqueIdentifier>
      <Extensions>cpp;c;cc;cxx;c++;cppm;ixx;def;odl;idl;hpj;bat;asm;asmx</Extensions>
    </Filter>
    <Filter Include="imgui">
      <UniqueIdentifier>{6c1ff196-2a73-473d-adce-311b0f813b89}</UniqueIdentifier>
    </Filter>
    <Filter Include="imgui_impl">
      <UniqueIdentifier>{a71be305-074c-4cae-bdcd-5e2b21377726}</UniqueIdentifier>
    </Filter>
  </ItemGroup>
  <ItemGroup>
    <ClCompile Include="imgui\imgui_widgets.cpp">
      <Filter>imgui</Filter>
    </ClCompile>
    <ClCompile Include="imgui\imgui_tables.cpp">
      <Filter>imgui</Filter>
    </ClCompile>
    <ClCompile Include="imgui\imgui_draw.cpp">
      <Filter>imgui</Filter>
    </ClCompile>
    <ClCompile Include="imgui\imgui_demo.cpp">
      <Filter>imgui</Filter>
    </ClCompile>
    <ClCompile Include="imgui\imgui.cpp">
      <Filter>imgui</Filter>
    </ClCompile>
    <ClCompile Include="imgui\backends\imgui_impl_win32.cpp">
      <Filter>imgui_impl</Filter>
    </ClCompile>
    <ClCompile Include="imgui\backends\imgui_impl_dx10.cpp">
      <Filter>imgui_impl</Filter>
    </ClCompile>
    <ClCompile Include="main.cpp">
      <Filter>Source Files</Filter>
    </ClCompile>
    <ClCompile Include="LogEntry.cpp">
      <Filter>Source Files</Filter>
    </ClCompile>
    <ClCompile Include="LogFile.cpp">
      <Filter>Source Files</Filter>
    </ClCompile>
    <ClCompile Include="StringView.cpp">
      <Filter>Source Files</Filter>
    </ClCompile>
    <ClCompile Include="StringMap.cpp">
      <Filter>Source Files</Filter>
    </ClCompile>
  </ItemGroup>
  <ItemGroup>
    <ClInclude Include="imgui\imgui.h">
      <Filter>imgui</Filter>
    </ClInclude>
    <ClInclude Include="imgui\imgui_internal.h">
      <Filter>imgui</Filter>
    </ClInclude>
    <ClInclude Include="imgui\backends\imgui_impl_win32.h">
      <Filter>imgui_impl</Filter>
    </ClInclude>
    <ClInclude Include="imgui\backends\imgui_impl_dx10.h">
      <Filter>imgui_impl</Filter>
    </ClInclude>
    <ClInclude Include="common.h">
      <Filter>Source Files</Filter>
    </ClInclude>
    <ClInclude Include="LogEntry.h">
      <Filter>Source Files</Filter>
    </ClInclude>
    <ClInclude Include="LogFile.h">
      <Filter>Source Files</Filter>
    </ClInclude>
    <ClInclude Include="StringView.h">
      <Filter>Source Files</Filter>
    </ClInclude>
    <ClInclude Include="StringMap.h">
      <Filter>Source Files</Filter>
    </ClInclude>
    <ClInclude Include="dirent.h">
      <Filter>Source Files</Filter>
    </ClInclude>
  </ItemGroup>
</Project>